
Microsoft Visual Studio Solution File, Format Version 12.00
# Visual Studio Version 16
VisualStudioVersion = 16.0.31702.278
MinimumVisualStudioVersion = 10.0.40219.1
Project("{FAE04EC0-301F-11D3-BF4B-00C04F79EFBC}") = "PersonalityTest", "PersonalityTest\PersonalityTest.csproj", "{621F4513-11CE-4874-BE89-61C24B3759EE}"
EndProject
Project("{FAE04EC0-301F-11D3-BF4B-00C04F79EFBC}") = "PersonalityTestSwitch", "..\PersonalityTestSwitch\PersonalityTestSwitch\PersonalityTestSwitch.csproj", "{F86C1C69-0F5F-41DE-BC63-5104B9299D0C}"
EndProject
Project("{FAE04EC0-301F-11D3-BF4B-00C04F79EFBC}") = "GradingIF", "GradingIF\GradingIF.csproj", "{70746FF0-E57C-48F1-856F-838E2EBA1EF6}"
EndProject
Project("{FAE04EC0-301F-11D3-BF4B-00C04F79EFBC}") = "GradingSwitch", "GradingSwitch\GradingSwitch.csproj", "{B1DE8D68-E448-47A2-A7ED-B46C9F4C3A3A}"
EndProject
Project("{FAE04EC0-301F-11D3-BF4B-00C04F79EFBC}") = "CatsAndDogs", "CatsAndDogs\CatsAndDogs.csproj", "{C7B03650-D868-4C5F-B22F-11A49A526DF9}"
EndProject
Global
	GlobalSection(SolutionConfigurationPlatforms) = preSolution
		Debug|Any CPU = Debug|Any CPU
		Release|Any CPU = Release|Any CPU
	EndGlobalSection
	GlobalSection(ProjectConfigurationPlatforms) = postSolution
		{621F4513-11CE-4874-BE89-61C24B3759EE}.Debug|Any CPU.ActiveCfg = Debug|Any CPU
		{621F4513-11CE-4874-BE89-61C24B3759EE}.Debug|Any CPU.Build.0 = Debug|Any CPU
		{621F4513-11CE-4874-BE89-61C24B3759EE}.Release|Any CPU.ActiveCfg = Release|Any CPU
		{621F4513-11CE-4874-BE89-61C24B3759EE}.Release|Any CPU.Build.0 = Release|Any CPU
		{F86C1C69-0F5F-41DE-BC63-5104B9299D0C}.Debug|Any CPU.ActiveCfg = Debug|Any CPU
		{F86C1C69-0F5F-41DE-BC63-5104B9299D0C}.Debug|Any CPU.Build.0 = Debug|Any CPU
		{F86C1C69-0F5F-41DE-BC63-5104B9299D0C}.Release|Any CPU.ActiveCfg = Release|Any CPU
		{F86C1C69-0F5F-41DE-BC63-5104B9299D0C}.Release|Any CPU.Build.0 = Release|Any CPU
		{70746FF0-E57C-48F1-856F-838E2EBA1EF6}.Debug|Any CPU.ActiveCfg = Debug|Any CPU
		{70746FF0-E57C-48F1-856F-838E2EBA1EF6}.Debug|Any CPU.Build.0 = Debug|Any CPU
		{70746FF0-E57C-48F1-856F-838E2EBA1EF6}.Release|Any CPU.ActiveCfg = Release|Any CPU
		{70746FF0-E57C-48F1-856F-838E2EBA1EF6}.Release|Any CPU.Build.0 = Release|Any CPU
		{B1DE8D68-E448-47A2-A7ED-B46C9F4C3A3A}.Debug|Any CPU.ActiveCfg = Debug|Any CPU
		{B1DE8D68-E448-47A2-A7ED-B46C9F4C3A3A}.Debug|Any CPU.Build.0 = Debug|Any CPU
		{B1DE8D68-E448-47A2-A7ED-B46C9F4C3A3A}.Release|Any CPU.ActiveCfg = Release|Any CPU
		{B1DE8D68-E448-47A2-A7ED-B46C9F4C3A3A}.Release|Any CPU.Build.0 = Release|Any CPU
		{C7B03650-D868-4C5F-B22F-11A49A526DF9}.Debug|Any CPU.ActiveCfg = Debug|Any CPU
		{C7B03650-D868-4C5F-B22F-11A49A526DF9}.Debug|Any CPU.Build.0 = Debug|Any CPU
		{C7B03650-D868-4C5F-B22F-11A49A526DF9}.Release|Any CPU.ActiveCfg = Release|Any CPU
		{C7B03650-D868-4C5F-B22F-11A49A526DF9}.Release|Any CPU.Build.0 = Release|Any CPU
	EndGlobalSection
	GlobalSection(SolutionProperties) = preSolution
		HideSolutionNode = FALSE
	EndGlobalSection
	GlobalSection(ExtensibilityGlobals) = postSolution
		SolutionGuid = {8F1A5718-82AD-4EA7-B765-850189031959}
	EndGlobalSection
EndGlobal
